
Microsoft Visual Studio Solution File, Format Version 12.00
# Visual Studio 15
VisualStudioVersion = 15.0.28307.421
MinimumVisualStudioVersion = 10.0.40219.1
Project("{FAE04EC0-301F-11D3-BF4B-00C04F79EFBC}") = "CalculatorConsoleApp", "CalculatorConsoleApp\CalculatorConsoleApp.csproj", "{6F3AF8C7-BBB5-4281-9A54-FF14CC7CF85A}"
EndProject
Project("{FAE04EC0-301F-11D3-BF4B-00C04F79EFBC}") = "CalculatorWindowsFormsApp", "CalculatorWindowsFormsApp\CalculatorWindowsFormsApp.csproj", "{0B7F1AC4-4378-421A-9698-F506533558F2}"
EndProject
Global
	GlobalSection(SolutionConfigurationPlatforms) = preSolution
		Debug|Any CPU = Debug|Any CPU
		Release|Any CPU = Release|Any CPU
	EndGlobalSection
	GlobalSection(ProjectConfigurationPlatforms) = postSolution
		{6F3AF8C7-BBB5-4281-9A54-FF14CC7CF85A}.Debug|Any CPU.ActiveCfg = Debug|Any CPU
		{6F3AF8C7-BBB5-4281-9A54-FF14CC7CF85A}.Debug|Any CPU.Build.0 = Debug|Any CPU
		{6F3AF8C7-BBB5-4281-9A54-FF14CC7CF85A}.Release|Any CPU.ActiveCfg = Release|Any CPU
		{6F3AF8C7-BBB5-4281-9A54-FF14CC7CF85A}.Release|Any CPU.Build.0 = Release|Any CPU
		{0B7F1AC4-4378-421A-9698-F506533558F2}.Debug|Any CPU.ActiveCfg = Debug|Any CPU
		{0B7F1AC4-4378-421A-9698-F506533558F2}.Debug|Any CPU.Build.0 = Debug|Any CPU
		{0B7F1AC4-4378-421A-9698-F506533558F2}.Release|Any CPU.ActiveCfg = Release|Any CPU
		{0B7F1AC4-4378-421A-9698-F506533558F2}.Release|Any CPU.Build.0 = Release|Any CPU
	EndGlobalSection
	GlobalSection(SolutionProperties) = preSolution
		HideSolutionNode = FALSE
	EndGlobalSection
	GlobalSection(ExtensibilityGlobals) = postSolution
		SolutionGuid = {39665CF0-0FB8-436A-BD19-895795CD3C2E}
	EndGlobalSection
EndGlobal
